{
  "name": "GCDNChromePlugin",
  "lockfileVersion": 2,
  "requires": true,
  "packages": {
    "": {
      "dependencies": {
        "@grapecity/spread-excelio": "16.2.2",
        "@grapecity/spread-sheets": "16.2.2",
        "@grapecity/spread-sheets-io": "16.2.2",
        "@grapecity/spread-sheets-resources-zh": "16.2.2",
        "file-saver": "^2.0.5"
      }
    },
    "node_modules/@grapecity/spread-excelio": {
      "version": "16.2.2",
      "resolved": "https://registry.npmjs.org/@grapecity/spread-excelio/-/spread-excelio-16.2.2.tgz",
      "integrity": "sha512-vYwr95u4v+hRmfWNcDgATbCKXIi7e/qfSKnTqJwdytokoVtpsPfRJYfDbkPcOZZXSMcBkrKRyMONYQF1x+Ic0w==",
      "dependencies": {
        "@grapecity/spread-sheets": "16.2.2"
      }
    },
    "node_modules/@grapecity/spread-sheets": {
      "version": "16.2.2",
      "resolved": "https://registry.npmjs.org/@grapecity/spread-sheets/-/spread-sheets-16.2.2.tgz",
      "integrity": "sha512-ZMXa3WVsHQnPUWPORRXT1Xj2oC5Z002TMcD0Nfdbnm46qIxxYc2Y760X/ovFi6Gfb9d8K6nFOa46ih27IWawag=="
    },
    "node_modules/@grapecity/spread-sheets-io": {
      "version": "16.2.2",
      "resolved": "https://registry.npmjs.org/@grapecity/spread-sheets-io/-/spread-sheets-io-16.2.2.tgz",
      "integrity": "sha512-sVeJUZ+zovEfUCOxjsnH4DO6EVIGOMYvjfyAMxB+911qnMeP7hlX67H1dx5sSWX16H8ox7/WraJn9ALe752RFg==",
      "dependencies": {
        "@grapecity/spread-sheets": "16.2.2"
      }
    },
    "node_modules/@grapecity/spread-sheets-resources-zh": {
      "version": "16.2.2",
      "resolved": "https://registry.npmjs.org/@grapecity/spread-sheets-resources-zh/-/spread-sheets-resources-zh-16.2.2.tgz",
      "integrity": "sha512-0mcdVmwRpm4xSTE9jTzrAsA1VYiW+563W3Zst4pGiJXsNbr/xnmW7u3oxXyhevCZovYlIBu6Bz6Lw/eW2o2W3g==",
      "dependencies": {
        "@grapecity/spread-sheets": "16.2.2"
      }
    },
    "node_modules/file-saver": {
      "version": "2.0.5",
      "resolved": "https://registry.npmjs.org/file-saver/-/file-saver-2.0.5.tgz",
      "integrity": "sha512-P9bmyZ3h/PRG+Nzga+rbdI4OEpNDzAVyy74uVO9ATgzLK6VtAsYybF/+TOCvrc0MO793d6+42lLyZTw7/ArVzA=="
    }
  },
  "dependencies": {
    "@grapecity/spread-excelio": {
      "version": "16.2.2",
      "resolved": "https://registry.npmjs.org/@grapecity/spread-excelio/-/spread-excelio-16.2.2.tgz",
      "integrity": "sha512-vYwr95u4v+hRmfWNcDgATbCKXIi7e/qfSKnTqJwdytokoVtpsPfRJYfDbkPcOZZXSMcBkrKRyMONYQF1x+Ic0w==",
      "requires": {
        "@grapecity/spread-sheets": "16.2.2"
      }
    },
    "@grapecity/spread-sheets": {
      "version": "16.2.2",
      "resolved": "https://registry.npmjs.org/@grapecity/spread-sheets/-/spread-sheets-16.2.2.tgz",
      "integrity": "sha512-ZMXa3WVsHQnPUWPORRXT1Xj2oC5Z002TMcD0Nfdbnm46qIxxYc2Y760X/ovFi6Gfb9d8K6nFOa46ih27IWawag=="
    },
    "@grapecity/spread-sheets-io": {
      "version": "16.2.2",
      "resolved": "https://registry.npmjs.org/@grapecity/spread-sheets-io/-/spread-sheets-io-16.2.2.tgz",
      "integrity": "sha512-sVeJUZ+zovEfUCOxjsnH4DO6EVIGOMYvjfyAMxB+911qnMeP7hlX67H1dx5sSWX16H8ox7/WraJn9ALe752RFg==",
      "requires": {
        "@grapecity/spread-sheets": "16.2.2"
      }
    },
    "@grapecity/spread-sheets-resources-zh": {
      "version": "16.2.2",
      "resolved": "https://registry.npmjs.org/@grapecity/spread-sheets-resources-zh/-/spread-sheets-resources-zh-16.2.2.tgz",
      "integrity": "sha512-0mcdVmwRpm4xSTE9jTzrAsA1VYiW+563W3Zst4pGiJXsNbr/xnmW7u3oxXyhevCZovYlIBu6Bz6Lw/eW2o2W3g==",
      "requires": {
        "@grapecity/spread-sheets": "16.2.2"
      }
    },
    "file-saver": {
      "version": "2.0.5",
      "resolved": "https://registry.npmjs.org/file-saver/-/file-saver-2.0.5.tgz",
      "integrity": "sha512-P9bmyZ3h/PRG+Nzga+rbdI4OEpNDzAVyy74uVO9ATgzLK6VtAsYybF/+TOCvrc0MO793d6+42lLyZTw7/ArVzA=="
    }
  }
}
